
Microsoft Visual Studio Solution File, Format Version 12.00
# Visual Studio Version 17
VisualStudioVersion = 17.3.32519.111
MinimumVisualStudioVersion = 10.0.40219.1
Project("{FAE04EC0-301F-11D3-BF4B-00C04F79EFBC}") = "TimeManager", "TimeManager.csproj", "{6922EC4F-7FE9-4E1E-AB97-EC7F22328A5B}"
EndProject
Global
	GlobalSection(SolutionConfigurationPlatforms) = preSolution
		Debug|Any CPU = Debug|Any CPU
		Release|Any CPU = Release|Any CPU
	EndGlobalSection
	GlobalSection(ProjectConfigurationPlatforms) = postSolution
		{6922EC4F-7FE9-4E1E-AB97-EC7F22328A5B}.Debug|Any CPU.ActiveCfg = Debug|Any CPU
		{6922EC4F-7FE9-4E1E-AB97-EC7F22328A5B}.Debug|Any CPU.Build.0 = Debug|Any CPU
		{6922EC4F-7FE9-4E1E-AB97-EC7F22328A5B}.Release|Any CPU.ActiveCfg = Release|Any CPU
		{6922EC4F-7FE9-4E1E-AB97-EC7F22328A5B}.Release|Any CPU.Build.0 = Release|Any CPU
	EndGlobalSection
	GlobalSection(SolutionProperties) = preSolution
		HideSolutionNode = FALSE
	EndGlobalSection
	GlobalSection(ExtensibilityGlobals) = postSolution
		SolutionGuid = {C5F5F666-1585-4337-98F4-024C4B2EFCC0}
	EndGlobalSection
EndGlobal
